
Microsoft Visual Studio Solution File, Format Version 12.00
Project("{FAE04EC0-301F-11D3-BF4B-00C04F79EFBC}") = "c2json.Tool", "production\c2json.Tool\c2json.Tool.csproj", "{3F9FAB9D-2FAD-4F1B-AC53-68F47CEDBC0E}"
EndProject
Project("{2150E333-8FDC-42A3-9474-1A3956D46DE8}") = "production", "production", "{5958CFE5-69EC-4909-9325-15EC41A29A49}"
EndProject
Project("{2150E333-8FDC-42A3-9474-1A3956D46DE8}") = "tests", "tests", "{06F30AED-E9B8-4E52-ADF9-34A4FD08103D}"
EndProject
Project("{FAE04EC0-301F-11D3-BF4B-00C04F79EFBC}") = "c2json.Tests", "tests\c2json.Tests\c2json.Tests.csproj", "{0BCF52BC-43A0-4269-AD46-EFD744E68E2F}"
EndProject
Global
	GlobalSection(SolutionConfigurationPlatforms) = preSolution
		Debug|Any CPU = Debug|Any CPU
		Release|Any CPU = Release|Any CPU
	EndGlobalSection
	GlobalSection(ProjectConfigurationPlatforms) = postSolution
		{3F9FAB9D-2FAD-4F1B-AC53-68F47CEDBC0E}.Debug|Any CPU.ActiveCfg = Debug|Any CPU
		{3F9FAB9D-2FAD-4F1B-AC53-68F47CEDBC0E}.Debug|Any CPU.Build.0 = Debug|Any CPU
		{3F9FAB9D-2FAD-4F1B-AC53-68F47CEDBC0E}.Release|Any CPU.ActiveCfg = Release|Any CPU
		{3F9FAB9D-2FAD-4F1B-AC53-68F47CEDBC0E}.Release|Any CPU.Build.0 = Release|Any CPU
		{0BCF52BC-43A0-4269-AD46-EFD744E68E2F}.Debug|Any CPU.ActiveCfg = Debug|Any CPU
		{0BCF52BC-43A0-4269-AD46-EFD744E68E2F}.Debug|Any CPU.Build.0 = Debug|Any CPU
		{0BCF52BC-43A0-4269-AD46-EFD744E68E2F}.Release|Any CPU.ActiveCfg = Release|Any CPU
		{0BCF52BC-43A0-4269-AD46-EFD744E68E2F}.Release|Any CPU.Build.0 = Release|Any CPU
	EndGlobalSection
	GlobalSection(NestedProjects) = preSolution
		{3F9FAB9D-2FAD-4F1B-AC53-68F47CEDBC0E} = {5958CFE5-69EC-4909-9325-15EC41A29A49}
		{0BCF52BC-43A0-4269-AD46-EFD744E68E2F} = {06F30AED-E9B8-4E52-ADF9-34A4FD08103D}
	EndGlobalSection
EndGlobal
